
Microsoft Visual Studio Solution File, Format Version 12.00
# Visual Studio Version 16
VisualStudioVersion = 16.0.31515.178
MinimumVisualStudioVersion = 10.0.40219.1
Project("{888888A0-9F3D-457C-B088-3A5042F75D52}") = "WK8Lab1-Iterative and Recursive Functionality Intro", "WK8Lab1-Iterative and Recursive Functionality Intro.pyproj", "{65607165-3894-4A38-AD4E-D2FEDE655630}"
EndProject
Global
	GlobalSection(SolutionConfigurationPlatforms) = preSolution
		Debug|Any CPU = Debug|Any CPU
		Release|Any CPU = Release|Any CPU
	EndGlobalSection
	GlobalSection(ProjectConfigurationPlatforms) = postSolution
		{65607165-3894-4A38-AD4E-D2FEDE655630}.Debug|Any CPU.ActiveCfg = Debug|Any CPU
		{65607165-3894-4A38-AD4E-D2FEDE655630}.Release|Any CPU.ActiveCfg = Release|Any CPU
	EndGlobalSection
	GlobalSection(SolutionProperties) = preSolution
		HideSolutionNode = FALSE
	EndGlobalSection
	GlobalSection(ExtensibilityGlobals) = postSolution
		SolutionGuid = {8B3A6B79-BAF1-4E07-B538-59DA3ECCD71D}
	EndGlobalSection
EndGlobal
